{
  "name": "sai-tech",
  "version": "1.0.0",
  "lockfileVersion": 3,
  "requires": true,
  "packages": {
    "": {
      "name": "sai-tech",
      "version": "1.0.0",
      "license": "ISC",
      "dependencies": {
        "@fontsource/inter": "^5.3.0",
        "@fontsource/jetbrains-mono": "^5.3.0",
        "@fontsource/source-code-pro": "^5.3.0",
        "@fontsource/source-sans-3": "^5.3.0"
      },
      "devDependencies": {
        "prettier": "^3.9.6"
      }
    },
    "node_modules/@fontsource/inter": {
      "version": "5.3.0",
      "resolved": "https://registry.npmjs.org/@fontsource/inter/-/inter-5.3.0.tgz",
      "integrity": "sha512-RofMylZmjlJEfELXeNHFWBRcSs75rGU/6bV2S2jfnvv/3rPXPGe0LgUJTklcHZ9lM4OZmAVFhcJPnACfb91A3g==",
      "license": "OFL-1.1",
      "funding": {
        "url": "https://github.com/sponsors/ayuhito"
      }
    },
    "node_modules/@fontsource/jetbrains-mono": {
      "version": "5.3.0",
      "resolved": "https://registry.npmjs.org/@fontsource/jetbrains-mono/-/jetbrains-mono-5.3.0.tgz",
      "integrity": "sha512-fqDfB5I9f1p1TV486aUgB9t8zP84P0O1FtQR5Ol9vjwPy+S+EIGlVYm1cvj2W5shcZMTg2nZFdVMoH5wFu8a1A==",
      "license": "OFL-1.1",
      "funding": {
        "url": "https://github.com/sponsors/ayuhito"
      }
    },
    "node_modules/@fontsource/source-code-pro": {
      "version": "5.3.0",
      "resolved": "https://registry.npmjs.org/@fontsource/source-code-pro/-/source-code-pro-5.3.0.tgz",
      "integrity": "sha512-JxaCODU69HDS3mVra9u96nyBF911La6IvtGLgpQD+PZLxJ1i9IxooNfLR6Y37kx06IFjVGkvoUmg3WPwh/8gBg==",
      "license": "OFL-1.1",
      "funding": {
        "url": "https://github.com/sponsors/ayuhito"
      }
    },
    "node_modules/@fontsource/source-sans-3": {
      "version": "5.3.0",
      "resolved": "https://registry.npmjs.org/@fontsource/source-sans-3/-/source-sans-3-5.3.0.tgz",
      "integrity": "sha512-VrWixSgF93kOVSEkwjs9ImnAbxrBew4PgcnaJYEitG9TyJSwxjFUNJIgzB1XFP/acyAWcTDg7+sWe7JI8LTB9w==",
      "license": "OFL-1.1",
      "funding": {
        "url": "https://github.com/sponsors/ayuhito"
      }
    },
    "node_modules/prettier": {
      "version": "3.9.6",
      "resolved": "https://registry.npmjs.org/prettier/-/prettier-3.9.6.tgz",
      "integrity": "sha512-OpN0zzVdiaiAhxpuuj5efpIS4sY9j7bY6uR5mnj5yPzGkdkjNKSJeUThPb60Jw29QuAZgA4o+/iB49kFiaBX6g==",
      "dev": true,
      "license": "MIT",
      "bin": {
        "prettier": "bin/prettier.cjs"
      },
      "engines": {
        "node": ">=14"
      },
      "funding": {
        "url": "https://github.com/prettier/prettier?sponsor=1"
      }
    }
  }
}
